
Microsoft Visual Studio Solution File, Format Version 12.00
# Visual Studio 15
VisualStudioVersion = 15.0.28307.271
MinimumVisualStudioVersion = 10.0.40219.1
Project("{FAE04EC0-301F-11D3-BF4B-00C04F79EFBC}") = "Calculator", "Calculator\Calculator.csproj", "{34F24F69-0FD2-4799-9135-F34E91AF86F1}"
EndProject
Global
	GlobalSection(SolutionConfigurationPlatforms) = preSolution
		Debug|Any CPU = Debug|Any CPU
		Release|Any CPU = Release|Any CPU
	EndGlobalSection
	GlobalSection(ProjectConfigurationPlatforms) = postSolution
		{34F24F69-0FD2-4799-9135-F34E91AF86F1}.Debug|Any CPU.ActiveCfg = Debug|Any CPU
		{34F24F69-0FD2-4799-9135-F34E91AF86F1}.Debug|Any CPU.Build.0 = Debug|Any CPU
		{34F24F69-0FD2-4799-9135-F34E91AF86F1}.Release|Any CPU.ActiveCfg = Release|Any CPU
		{34F24F69-0FD2-4799-9135-F34E91AF86F1}.Release|Any CPU.Build.0 = Release|Any CPU
	EndGlobalSection
	GlobalSection(SolutionProperties) = preSolution
		HideSolutionNode = FALSE
	EndGlobalSection
	GlobalSection(ExtensibilityGlobals) = postSolution
		SolutionGuid = {6029D23C-E847-4315-9C65-7935F4B376D9}
	EndGlobalSection
EndGlobal
